// !$*UTF8*$!
{
	archiveVersion = 1;
	classes = {
	};
	objectVersion = 55;
	objects = {

/* Begin PBXBuildFile section */
		6617517427A351D8008610BB /* Tests_iOS.swift in Sources */ = {isa = PBXBuildFile; fileRef = 6617517327A351D8008610BB /* Tests_iOS.swift */; };
		6617517627A351D8008610BB /* Tests_iOSLaunchTests.swift in Sources */ = {isa = PBXBuildFile; fileRef = 6617517527A351D8008610BB /* Tests_iOSLaunchTests.swift */; };
		6617518027A351D8008610BB /* Tests_macOS.swift in Sources */ = {isa = PBXBuildFile; fileRef = 6617517F27A351D8008610BB /* Tests_macOS.swift */; };
		6617518227A351D8008610BB /* Tests_macOSLaunchTests.swift in Sources */ = {isa = PBXBuildFile; fileRef = 6617518127A351D8008610BB /* Tests_macOSLaunchTests.swift */; };
		6617518527A351D8008610BB /* ExpenseTrackingMultiApp.swift in Sources */ = {isa = PBXBuildFile; fileRef = 6617515A27A351D6008610BB /* ExpenseTrackingMultiApp.swift */; };
		6617518627A351D8008610BB /* ExpenseTrackingMultiApp.swift in Sources */ = {isa = PBXBuildFile; fileRef = 6617515A27A351D6008610BB /* ExpenseTrackingMultiApp.swift */; };
		6617518927A351D8008610BB /* Persistence.swift in Sources */ = {isa = PBXBuildFile; fileRef = 6617515C27A351D6008610BB /* Persistence.swift */; };
		6617518A27A351D8008610BB /* Persistence.swift in Sources */ = {isa = PBXBuildFile; fileRef = 6617515C27A351D6008610BB /* Persistence.swift */; };
		6617518B27A351D8008610BB /* Assets.xcassets in Resources */ = {isa = PBXBuildFile; fileRef = 6617515D27A351D8008610BB /* Assets.xcassets */; };
		6617518C27A351D8008610BB /* Assets.xcassets in Resources */ = {isa = PBXBuildFile; fileRef = 6617515D27A351D8008610BB /* Assets.xcassets */; };
		66656AA227A3C689008DA897 /* ExpenseTrackingTool.xcdatamodeld in Sources */ = {isa = PBXBuildFile; fileRef = 66656AA027A3C689008DA897 /* ExpenseTrackingTool.xcdatamodeld */; };
		66656AA327A3C689008DA897 /* ExpenseTrackingTool.xcdatamodeld in Sources */ = {isa = PBXBuildFile; fileRef = 66656AA027A3C689008DA897 /* ExpenseTrackingTool.xcdatamodeld */; };
		66656AA527A3C7B9008DA897 /* ExpensesNavigationLink.swift in Sources */ = {isa = PBXBuildFile; fileRef = 66656AA427A3C7B9008DA897 /* ExpensesNavigationLink.swift */; };
		66656AA627A3C7B9008DA897 /* ExpensesNavigationLink.swift in Sources */ = {isa = PBXBuildFile; fileRef = 66656AA427A3C7B9008DA897 /* ExpensesNavigationLink.swift */; };
		66656AAC27A440AD008DA897 /* HomeView.swift in Sources */ = {isa = PBXBuildFile; fileRef = 66656AAB27A440AD008DA897 /* HomeView.swift */; };
		66656AAD27A440AD008DA897 /* HomeView.swift in Sources */ = {isa = PBXBuildFile; fileRef = 66656AAB27A440AD008DA897 /* HomeView.swift */; };
		66656AB827A49FD6008DA897 /* ExpandedExpenseView.swift in Sources */ = {isa = PBXBuildFile; fileRef = 66656AB727A49FD6008DA897 /* ExpandedExpenseView.swift */; };
		66656AB927A49FD6008DA897 /* ExpandedExpenseView.swift in Sources */ = {isa = PBXBuildFile; fileRef = 66656AB727A49FD6008DA897 /* ExpandedExpenseView.swift */; };
		66656ABB27A4E71D008DA897 /* ExpenseCategoryPicker.swift in Sources */ = {isa = PBXBuildFile; fileRef = 66656ABA27A4E71D008DA897 /* ExpenseCategoryPicker.swift */; };
		66656ABC27A4E71D008DA897 /* ExpenseCategoryPicker.swift in Sources */ = {isa = PBXBuildFile; fileRef = 66656ABA27A4E71D008DA897 /* ExpenseCategoryPicker.swift */; };
		66656ABF27A4EB54008DA897 /* DecimalCostTextField.swift in Sources */ = {isa = PBXBuildFile; fileRef = 66656ABE27A4EB54008DA897 /* DecimalCostTextField.swift */; };
		66656AC027A4EB54008DA897 /* DecimalCostTextField.swift in Sources */ = {isa = PBXBuildFile; fileRef = 66656ABE27A4EB54008DA897 /* DecimalCostTextField.swift */; };
		66656AC227A4ECBB008DA897 /* DetailedExpenseView.swift in Sources */ = {isa = PBXBuildFile; fileRef = 66656AC127A4ECBB008DA897 /* DetailedExpenseView.swift */; };
		66656AC327A4ECBB008DA897 /* DetailedExpenseView.swift in Sources */ = {isa = PBXBuildFile; fileRef = 66656AC127A4ECBB008DA897 /* DetailedExpenseView.swift */; };
		66656ACC27A4F76A008DA897 /* Expense_Detail+CoreDataClass.swift in Sources */ = {isa = PBXBuildFile; fileRef = 66656ACA27A4F76A008DA897 /* Expense_Detail+CoreDataClass.swift */; };
		66656ACD27A4F76A008DA897 /* Expense_Detail+CoreDataClass.swift in Sources */ = {isa = PBXBuildFile; fileRef = 66656ACA27A4F76A008DA897 /* Expense_Detail+CoreDataClass.swift */; };
		66656ACE27A4F76A008DA897 /* Expense_Detail+CoreDataProperties.swift in Sources */ = {isa = PBXBuildFile; fileRef = 66656ACB27A4F76A008DA897 /* Expense_Detail+CoreDataProperties.swift */; };
		66656ACF27A4F76A008DA897 /* Expense_Detail+CoreDataProperties.swift in Sources */ = {isa = PBXBuildFile; fileRef = 66656ACB27A4F76A008DA897 /* Expense_Detail+CoreDataProperties.swift */; };
		66ABBA9727A3C01A0002779A /* ExpenseView.swift in Sources */ = {isa = PBXBuildFile; fileRef = 66ABBA9127A3C01A0002779A /* ExpenseView.swift */; };
		66ABBA9827A3C01A0002779A /* ExpenseView.swift in Sources */ = {isa = PBXBuildFile; fileRef = 66ABBA9127A3C01A0002779A /* ExpenseView.swift */; };
		66CFC35227A3C3D300EA586A /* Expense+CoreDataClass.swift in Sources */ = {isa = PBXBuildFile; fileRef = 66CFC35127A3C3D300EA586A /* Expense+CoreDataClass.swift */; };
		66CFC35327A3C3D300EA586A /* Expense+CoreDataClass.swift in Sources */ = {isa = PBXBuildFile; fileRef = 66CFC35127A3C3D300EA586A /* Expense+CoreDataClass.swift */; };
		66CFC35827A3C40000EA586A /* ViewContextExtensions.swift in Sources */ = {isa = PBXBuildFile; fileRef = 66CFC35727A3C40000EA586A /* ViewContextExtensions.swift */; };
		66CFC35927A3C40000EA586A /* ViewContextExtensions.swift in Sources */ = {isa = PBXBuildFile; fileRef = 66CFC35727A3C40000EA586A /* ViewContextExtensions.swift */; };
		66CFC35B27A3C41200EA586A /* Expense+CoreDataProperties.swift in Sources */ = {isa = PBXBuildFile; fileRef = 66CFC35A27A3C41200EA586A /* Expense+CoreDataProperties.swift */; };
		66CFC35C27A3C41200EA586A /* Expense+CoreDataProperties.swift in Sources */ = {isa = PBXBuildFile; fileRef = 66CFC35A27A3C41200EA586A /* Expense+CoreDataProperties.swift */; };
/* End PBXBuildFile section */

/* Begin PBXContainerItemProxy section */
		6617517027A351D8008610BB /* PBXContainerItemProxy */ = {
			isa = PBXContainerItemProxy;
			containerPortal = 6617515327A351D6008610BB /* Project object */;
			proxyType = 1;
			remoteGlobalIDString = 6617516127A351D8008610BB;
			remoteInfo = "ExpenseTrackingMulti (iOS)";
		};
		6617517C27A351D8008610BB /* PBXContainerItemProxy */ = {
			isa = PBXContainerItemProxy;
			containerPortal = 6617515327A351D6008610BB /* Project object */;
			proxyType = 1;
			remoteGlobalIDString = 6617516727A351D8008610BB;
			remoteInfo = "ExpenseTrackingMulti (macOS)";
		};
/* End PBXContainerItemProxy section */

/* Begin PBXFileReference section */
		6617515A27A351D6008610BB /* ExpenseTrackingMultiApp.swift */ = {isa = PBXFileReference; lastKnownFileType = sourcecode.swift; path = ExpenseTrackingMultiApp.swift; sourceTree = "<group>"; };
		6617515C27A351D6008610BB /* Persistence.swift */ = {isa = PBXFileReference; lastKnownFileType = sourcecode.swift; path = Persistence.swift; sourceTree = "<group>"; };
		6617515D27A351D8008610BB /* Assets.xcassets */ = {isa = PBXFileReference; lastKnownFileType = folder.assetcatalog; path = Assets.xcassets; sourceTree = "<group>"; };
		6617516227A351D8008610BB /* ExpenseTrackingMulti.app */ = {isa = PBXFileReference; explicitFileType = wrapper.application; includeInIndex = 0; path = ExpenseTrackingMulti.app; sourceTree = BUILT_PRODUCTS_DIR; };
		6617516827A351D8008610BB /* ExpenseTrackingMulti.app */ = {isa = PBXFileReference; explicitFileType = wrapper.application; includeInIndex = 0; path = ExpenseTrackingMulti.app; sourceTree = BUILT_PRODUCTS_DIR; };
		6617516A27A351D8008610BB /* macOS.entitlements */ = {isa = PBXFileReference; lastKnownFileType = text.plist.entitlements; path = macOS.entitlements; sourceTree = "<group>"; };
		6617516F27A351D8008610BB /* Tests iOS.xctest */ = {isa = PBXFileReference; explicitFileType = wrapper.cfbundle; includeInIndex = 0; path = "Tests iOS.xctest"; sourceTree = BUILT_PRODUCTS_DIR; };
		6617517327A351D8008610BB /* Tests_iOS.swift */ = {isa = PBXFileReference; lastKnownFileType = sourcecode.swift; path = Tests_iOS.swift; sourceTree = "<group>"; };
		6617517527A351D8008610BB /* Tests_iOSLaunchTests.swift */ = {isa = PBXFileReference; lastKnownFileType = sourcecode.swift; path = Tests_iOSLaunchTests.swift; sourceTree = "<group>"; };
		6617517B27A351D8008610BB /* Tests macOS.xctest */ = {isa = PBXFileReference; explicitFileType = wrapper.cfbundle; includeInIndex = 0; path = "Tests macOS.xctest"; sourceTree = BUILT_PRODUCTS_DIR; };
		6617517F27A351D8008610BB /* Tests_macOS.swift */ = {isa = PBXFileReference; lastKnownFileType = sourcecode.swift; path = Tests_macOS.swift; sourceTree = "<group>"; };
		6617518127A351D8008610BB /* Tests_macOSLaunchTests.swift */ = {isa = PBXFileReference; lastKnownFileType = sourcecode.swift; path = Tests_macOSLaunchTests.swift; sourceTree = "<group>"; };
		66656AA127A3C689008DA897 /* ExpenseTrackingTool.xcdatamodel */ = {isa = PBXFileReference; lastKnownFileType = wrapper.xcdatamodel; path = ExpenseTrackingTool.xcdatamodel; sourceTree = "<group>"; };
		66656AA427A3C7B9008DA897 /* ExpensesNavigationLink.swift */ = {isa = PBXFileReference; lastKnownFileType = sourcecode.swift; path = ExpensesNavigationLink.swift; sourceTree = "<group>"; };
		66656AAB27A440AD008DA897 /* HomeView.swift */ = {isa = PBXFileReference; lastKnownFileType = sourcecode.swift; path = HomeView.swift; sourceTree = "<group>"; };
		66656AAF27A44631008DA897 /* MyPlayground.playground */ = {isa = PBXFileReference; lastKnownFileType = file.playground; name = MyPlayground.playground; path = ../../MyPlayground.playground; sourceTree = "<group>"; xcLanguageSpecificationIdentifier = xcode.lang.swift; };
		66656AB727A49FD6008DA897 /* ExpandedExpenseView.swift */ = {isa = PBXFileReference; lastKnownFileType = sourcecode.swift; path = ExpandedExpenseView.swift; sourceTree = "<group>"; };
		66656ABA27A4E71D008DA897 /* ExpenseCategoryPicker.swift */ = {isa = PBXFileReference; lastKnownFileType = sourcecode.swift; path = ExpenseCategoryPicker.swift; sourceTree = "<group>"; };
		66656ABE27A4EB54008DA897 /* DecimalCostTextField.swift */ = {isa = PBXFileReference; lastKnownFileType = sourcecode.swift; path = DecimalCostTextField.swift; sourceTree = "<group>"; };
		66656AC127A4ECBB008DA897 /* DetailedExpenseView.swift */ = {isa = PBXFileReference; lastKnownFileType = sourcecode.swift; path = DetailedExpenseView.swift; sourceTree = "<group>"; };
		66656ACA27A4F76A008DA897 /* Expense_Detail+CoreDataClass.swift */ = {isa = PBXFileReference; lastKnownFileType = sourcecode.swift; name = "Expense_Detail+CoreDataClass.swift"; path = "../Expense_Detail+CoreDataClass.swift"; sourceTree = "<group>"; };
		66656ACB27A4F76A008DA897 /* Expense_Detail+CoreDataProperties.swift */ = {isa = PBXFileReference; lastKnownFileType = sourcecode.swift; name = "Expense_Detail+CoreDataProperties.swift"; path = "../Expense_Detail+CoreDataProperties.swift"; sourceTree = "<group>"; };
		66ABBA9127A3C01A0002779A /* ExpenseView.swift */ = {isa = PBXFileReference; fileEncoding = 4; lastKnownFileType = sourcecode.swift; path = ExpenseView.swift; sourceTree = "<group>"; };
		66CFC35127A3C3D300EA586A /* Expense+CoreDataClass.swift */ = {isa = PBXFileReference; lastKnownFileType = sourcecode.swift; path = "Expense+CoreDataClass.swift"; sourceTree = "<group>"; };
		66CFC35727A3C40000EA586A /* ViewContextExtensions.swift */ = {isa = PBXFileReference; fileEncoding = 4; lastKnownFileType = sourcecode.swift; path = ViewContextExtensions.swift; sourceTree = "<group>"; };
		66CFC35A27A3C41200EA586A /* Expense+CoreDataProperties.swift */ = {isa = PBXFileReference; fileEncoding = 4; lastKnownFileType = sourcecode.swift; path = "Expense+CoreDataProperties.swift"; sourceTree = "<group>"; };
/* End PBXFileReference section */

/* Begin PBXFrameworksBuildPhase section */
		6617515F27A351D8008610BB /* Frameworks */ = {
			isa = PBXFrameworksBuildPhase;
			buildActionMask = 2147483647;
			files = (
			);
			runOnlyForDeploymentPostprocessing = 0;
		};
		6617516527A351D8008610BB /* Frameworks */ = {
			isa = PBXFrameworksBuildPhase;
			buildActionMask = 2147483647;
			files = (
			);
			runOnlyForDeploymentPostprocessing = 0;
		};
		6617516C27A351D8008610BB /* Frameworks */ = {
			isa = PBXFrameworksBuildPhase;
			buildActionMask = 2147483647;
			files = (
			);
			runOnlyForDeploymentPostprocessing = 0;
		};
		6617517827A351D8008610BB /* Frameworks */ = {
			isa = PBXFrameworksBuildPhase;
			buildActionMask = 2147483647;
			files = (
			);
			runOnlyForDeploymentPostprocessing = 0;
		};
/* End PBXFrameworksBuildPhase section */

/* Begin PBXGroup section */
		6617515227A351D6008610BB = {
			isa = PBXGroup;
			children = (
				66656AAE27A44612008DA897 /* Playgrounds */,
				6617515727A351D6008610BB /* Shared */,
				6617516927A351D8008610BB /* macOS */,
				6617517227A351D8008610BB /* Tests iOS */,
				6617517E27A351D8008610BB /* Tests macOS */,
				6617516327A351D8008610BB /* Products */,
			);
			sourceTree = "<group>";
		};
		6617515727A351D6008610BB /* Shared */ = {
			isa = PBXGroup;
			children = (
				66656AA027A3C689008DA897 /* ExpenseTrackingTool.xcdatamodeld */,
				66656ABD27A4EB3A008DA897 /* CommonFormViews */,
				66656AA827A44022008DA897 /* Home */,
				66656AA727A3C8FC008DA897 /* Expenses */,
				66CFC35727A3C40000EA586A /* ViewContextExtensions.swift */,
				6617515A27A351D6008610BB /* ExpenseTrackingMultiApp.swift */,
				6617515C27A351D6008610BB /* Persistence.swift */,
				6617515D27A351D8008610BB /* Assets.xcassets */,
			);
			path = Shared;
			sourceTree = "<group>";
		};
		6617516327A351D8008610BB /* Products */ = {
			isa = PBXGroup;
			children = (
				6617516227A351D8008610BB /* ExpenseTrackingMulti.app */,
				6617516827A351D8008610BB /* ExpenseTrackingMulti.app */,
				6617516F27A351D8008610BB /* Tests iOS.xctest */,
				6617517B27A351D8008610BB /* Tests macOS.xctest */,
			);
			name = Products;
			sourceTree = "<group>";
		};
		6617516927A351D8008610BB /* macOS */ = {
			isa = PBXGroup;
			children = (
				6617516A27A351D8008610BB /* macOS.entitlements */,
			);
			path = macOS;
			sourceTree = "<group>";
		};
		6617517227A351D8008610BB /* Tests iOS */ = {
			isa = PBXGroup;
			children = (
				6617517327A351D8008610BB /* Tests_iOS.swift */,
				6617517527A351D8008610BB /* Tests_iOSLaunchTests.swift */,
			);
			path = "Tests iOS";
			sourceTree = "<group>";
		};
		6617517E27A351D8008610BB /* Tests macOS */ = {
			isa = PBXGroup;
			children = (
				6617517F27A351D8008610BB /* Tests_macOS.swift */,
				6617518127A351D8008610BB /* Tests_macOSLaunchTests.swift */,
			);
			path = "Tests macOS";
			sourceTree = "<group>";
		};
		66656AA727A3C8FC008DA897 /* Expenses */ = {
			isa = PBXGroup;
			children = (
				66656AA427A3C7B9008DA897 /* ExpensesNavigationLink.swift */,
				66ABBA9127A3C01A0002779A /* ExpenseView.swift */,
				66656AB027A49F72008DA897 /* DetailedExpenses */,
				66CFC35A27A3C41200EA586A /* Expense+CoreDataProperties.swift */,
				66CFC35127A3C3D300EA586A /* Expense+CoreDataClass.swift */,
			);
			path = Expenses;
			sourceTree = "<group>";
		};
		66656AA827A44022008DA897 /* Home */ = {
			isa = PBXGroup;
			children = (
				66656AAB27A440AD008DA897 /* HomeView.swift */,
			);
			path = Home;
			sourceTree = "<group>";
		};
		66656AAE27A44612008DA897 /* Playgrounds */ = {
			isa = PBXGroup;
			children = (
				66656AAF27A44631008DA897 /* MyPlayground.playground */,
			);
			path = Playgrounds;
			sourceTree = "<group>";
		};
		66656AB027A49F72008DA897 /* DetailedExpenses */ = {
			isa = PBXGroup;
			children = (
				66656ACA27A4F76A008DA897 /* Expense_Detail+CoreDataClass.swift */,
				66656ACB27A4F76A008DA897 /* Expense_Detail+CoreDataProperties.swift */,
				66656AB727A49FD6008DA897 /* ExpandedExpenseView.swift */,
				66656AC127A4ECBB008DA897 /* DetailedExpenseView.swift */,
			);
			path = DetailedExpenses;
			sourceTree = "<group>";
		};
		66656ABD27A4EB3A008DA897 /* CommonFormViews */ = {
			isa = PBXGroup;
			children = (
				66656ABA27A4E71D008DA897 /* ExpenseCategoryPicker.swift */,
				66656ABE27A4EB54008DA897 /* DecimalCostTextField.swift */,
			);
			path = CommonFormViews;
			sourceTree = "<group>";
		};
/* End PBXGroup section */

/* Begin PBXNativeTarget section */
		6617516127A351D8008610BB /* ExpenseTrackingMulti (iOS) */ = {
			isa = PBXNativeTarget;
			buildConfigurationList = 6617518F27A351D8008610BB /* Build configuration list for PBXNativeTarget "ExpenseTrackingMulti (iOS)" */;
			buildPhases = (
				6617515E27A351D8008610BB /* Sources */,
				6617515F27A351D8008610BB /* Frameworks */,
				6617516027A351D8008610BB /* Resources */,
			);
			buildRules = (
			);
			dependencies = (
			);
			name = "ExpenseTrackingMulti (iOS)";
			productName = "ExpenseTrackingMulti (iOS)";
			productReference = 6617516227A351D8008610BB /* ExpenseTrackingMulti.app */;
			productType = "com.apple.product-type.application";
		};
		6617516727A351D8008610BB /* ExpenseTrackingMulti (macOS) */ = {
			isa = PBXNativeTarget;
			buildConfigurationList = 6617519227A351D8008610BB /* Build configuration list for PBXNativeTarget "ExpenseTrackingMulti (macOS)" */;
			buildPhases = (
				6617516427A351D8008610BB /* Sources */,
				6617516527A351D8008610BB /* Frameworks */,
				6617516627A351D8008610BB /* Resources */,
			);
			buildRules = (
			);
			dependencies = (
			);
			name = "ExpenseTrackingMulti (macOS)";
			productName = "ExpenseTrackingMulti (macOS)";
			productReference = 6617516827A351D8008610BB /* ExpenseTrackingMulti.app */;
			productType = "com.apple.product-type.application";
		};
		6617516E27A351D8008610BB /* Tests iOS */ = {
			isa = PBXNativeTarget;
			buildConfigurationList = 6617519527A351D8008610BB /* Build configuration list for PBXNativeTarget "Tests iOS" */;
			buildPhases = (
				6617516B27A351D8008610BB /* Sources */,
				6617516C27A351D8008610BB /* Frameworks */,
				6617516D27A351D8008610BB /* Resources */,
			);
			buildRules = (
			);
			dependencies = (
				6617517127A351D8008610BB /* PBXTargetDependency */,
			);
			name = "Tests iOS";
			productName = "Tests iOS";
			productReference = 6617516F27A351D8008610BB /* Tests iOS.xctest */;
			productType = "com.apple.product-type.bundle.ui-testing";
		};
		6617517A27A351D8008610BB /* Tests macOS */ = {
			isa = PBXNativeTarget;
			buildConfigurationList = 6617519827A351D8008610BB /* Build configuration list for PBXNativeTarget "Tests macOS" */;
			buildPhases = (
				6617517727A351D8008610BB /* Sources */,
				6617517827A351D8008610BB /* Frameworks */,
				6617517927A351D8008610BB /* Resources */,
			);
			buildRules = (
			);
			dependencies = (
				6617517D27A351D8008610BB /* PBXTargetDependency */,
			);
			name = "Tests macOS";
			productName = "Tests macOS";
			productReference = 6617517B27A351D8008610BB /* Tests macOS.xctest */;
			productType = "com.apple.product-type.bundle.ui-testing";
		};
/* End PBXNativeTarget section */

/* Begin PBXProject section */
		6617515327A351D6008610BB /* Project object */ = {
			isa = PBXProject;
			attributes = {
				BuildIndependentTargetsInParallel = 1;
				LastSwiftUpdateCheck = 1320;
				LastUpgradeCheck = 1320;
				TargetAttributes = {
					6617516127A351D8008610BB = {
						CreatedOnToolsVersion = 13.2.1;
					};
					6617516727A351D8008610BB = {
						CreatedOnToolsVersion = 13.2.1;
					};
					6617516E27A351D8008610BB = {
						CreatedOnToolsVersion = 13.2.1;
						TestTargetID = 6617516127A351D8008610BB;
					};
					6617517A27A351D8008610BB = {
						CreatedOnToolsVersion = 13.2.1;
						TestTargetID = 6617516727A351D8008610BB;
					};
				};
			};
			buildConfigurationList = 6617515627A351D6008610BB /* Build configuration list for PBXProject "ExpenseTrackingMulti" */;
			compatibilityVersion = "Xcode 13.0";
			developmentRegion = en;
			hasScannedForEncodings = 0;
			knownRegions = (
				en,
				Base,
			);
			mainGroup = 6617515227A351D6008610BB;
			productRefGroup = 6617516327A351D8008610BB /* Products */;
			projectDirPath = "";
			projectRoot = "";
			targets = (
				6617516127A351D8008610BB /* ExpenseTrackingMulti (iOS) */,
				6617516727A351D8008610BB /* ExpenseTrackingMulti (macOS) */,
				6617516E27A351D8008610BB /* Tests iOS */,
				6617517A27A351D8008610BB /* Tests macOS */,
			);
		};
/* End PBXProject section */

/* Begin PBXResourcesBuildPhase section */
		6617516027A351D8008610BB /* Resources */ = {
			isa = PBXResourcesBuildPhase;
			buildActionMask = 2147483647;
			files = (
				6617518B27A351D8008610BB /* Assets.xcassets in Resources */,
			);
			runOnlyForDeploymentPostprocessing = 0;
		};
		6617516627A351D8008610BB /* Resources */ = {
			isa = PBXResourcesBuildPhase;
			buildActionMask = 2147483647;
			files = (
				6617518C27A351D8008610BB /* Assets.xcassets in Resources */,
			);
			runOnlyForDeploymentPostprocessing = 0;
		};
		6617516D27A351D8008610BB /* Resources */ = {
			isa = PBXResourcesBuildPhase;
			buildActionMask = 2147483647;
			files = (
			);
			runOnlyForDeploymentPostprocessing = 0;
		};
		6617517927A351D8008610BB /* Resources */ = {
			isa = PBXResourcesBuildPhase;
			buildActionMask = 2147483647;
			files = (
			);
			runOnlyForDeploymentPostprocessing = 0;
		};
/* End PBXResourcesBuildPhase section */

/* Begin PBXSourcesBuildPhase section */
		6617515E27A351D8008610BB /* Sources */ = {
			isa = PBXSourcesBuildPhase;
			buildActionMask = 2147483647;
			files = (
				66656ABB27A4E71D008DA897 /* ExpenseCategoryPicker.swift in Sources */,
				66656ABF27A4EB54008DA897 /* DecimalCostTextField.swift in Sources */,
				6617518927A351D8008610BB /* Persistence.swift in Sources */,
				66656AB827A49FD6008DA897 /* ExpandedExpenseView.swift in Sources */,
				6617518527A351D8008610BB /* ExpenseTrackingMultiApp.swift in Sources */,
				66656ACE27A4F76A008DA897 /* Expense_Detail+CoreDataProperties.swift in Sources */,
				66656ACC27A4F76A008DA897 /* Expense_Detail+CoreDataClass.swift in Sources */,
				66656AA627A3C7B9008DA897 /* ExpensesNavigationLink.swift in Sources */,
				66656AAC27A440AD008DA897 /* HomeView.swift in Sources */,
				66656AA227A3C689008DA897 /* ExpenseTrackingTool.xcdatamodeld in Sources */,
				66656AC227A4ECBB008DA897 /* DetailedExpenseView.swift in Sources */,
				66ABBA9727A3C01A0002779A /* ExpenseView.swift in Sources */,
				66CFC35227A3C3D300EA586A /* Expense+CoreDataClass.swift in Sources */,
				66CFC35827A3C40000EA586A /* ViewContextExtensions.swift in Sources */,
				66CFC35B27A3C41200EA586A /* Expense+CoreDataProperties.swift in Sources */,
			);
			runOnlyForDeploymentPostprocessing = 0;
		};
		6617516427A351D8008610BB /* Sources */ = {
			isa = PBXSourcesBuildPhase;
			buildActionMask = 2147483647;
			files = (
				66656ABC27A4E71D008DA897 /* ExpenseCategoryPicker.swift in Sources */,
				66656AC027A4EB54008DA897 /* DecimalCostTextField.swift in Sources */,
				6617518A27A351D8008610BB /* Persistence.swift in Sources */,
				66656AB927A49FD6008DA897 /* ExpandedExpenseView.swift in Sources */,
				6617518627A351D8008610BB /* ExpenseTrackingMultiApp.swift in Sources */,
				66656ACF27A4F76A008DA897 /* Expense_Detail+CoreDataProperties.swift in Sources */,
				66656ACD27A4F76A008DA897 /* Expense_Detail+CoreDataClass.swift in Sources */,
				66656AA527A3C7B9008DA897 /* ExpensesNavigationLink.swift in Sources */,
				66656AAD27A440AD008DA897 /* HomeView.swift in Sources */,
				66656AA327A3C689008DA897 /* ExpenseTrackingTool.xcdatamodeld in Sources */,
				66656AC327A4ECBB008DA897 /* DetailedExpenseView.swift in Sources */,
				66ABBA9827A3C01A0002779A /* ExpenseView.swift in Sources */,
				66CFC35327A3C3D300EA586A /* Expense+CoreDataClass.swift in Sources */,
				66CFC35927A3C40000EA586A /* ViewContextExtensions.swift in Sources */,
				66CFC35C27A3C41200EA586A /* Expense+CoreDataProperties.swift in Sources */,
			);
			runOnlyForDeploymentPostprocessing = 0;
		};
		6617516B27A351D8008610BB /* Sources */ = {
			isa = PBXSourcesBuildPhase;
			buildActionMask = 2147483647;
			files = (
				6617517627A351D8008610BB /* Tests_iOSLaunchTests.swift in Sources */,
				6617517427A351D8008610BB /* Tests_iOS.swift in Sources */,
			);
			runOnlyForDeploymentPostprocessing = 0;
		};
		6617517727A351D8008610BB /* Sources */ = {
			isa = PBXSourcesBuildPhase;
			buildActionMask = 2147483647;
			files = (
				6617518227A351D8008610BB /* Tests_macOSLaunchTests.swift in Sources */,
				6617518027A351D8008610BB /* Tests_macOS.swift in Sources */,
			);
			runOnlyForDeploymentPostprocessing = 0;
		};
/* End PBXSourcesBuildPhase section */

/* Begin PBXTargetDependency section */
		6617517127A351D8008610BB /* PBXTargetDependency */ = {
			isa = PBXTargetDependency;
			target = 6617516127A351D8008610BB /* ExpenseTrackingMulti (iOS) */;
			targetProxy = 6617517027A351D8008610BB /* PBXContainerItemProxy */;
		};
		6617517D27A351D8008610BB /* PBXTargetDependency */ = {
			isa = PBXTargetDependency;
			target = 6617516727A351D8008610BB /* ExpenseTrackingMulti (macOS) */;
			targetProxy = 6617517C27A351D8008610BB /* PBXContainerItemProxy */;
		};
/* End PBXTargetDependency section */

/* Begin XCBuildConfiguration section */
		6617518D27A351D8008610BB /* Debug */ = {
			isa = XCBuildConfiguration;
			buildSettings = {
				ALWAYS_SEARCH_USER_PATHS = NO;
				CLANG_ANALYZER_NONNULL = YES;
				CLANG_ANALYZER_NUMBER_OBJECT_CONVERSION = YES_AGGRESSIVE;
				CLANG_CXX_LANGUAGE_STANDARD = "gnu++17";
				CLANG_CXX_LIBRARY = "libc++";
				CLANG_ENABLE_MODULES = YES;
				CLANG_ENABLE_OBJC_ARC = YES;
				CLANG_ENABLE_OBJC_WEAK = YES;
				CLANG_WARN_BLOCK_CAPTURE_AUTORELEASING = YES;
				CLANG_WARN_BOOL_CONVERSION = YES;
				CLANG_WARN_COMMA = YES;
				CLANG_WARN_CONSTANT_CONVERSION = YES;
				CLANG_WARN_DEPRECATED_OBJC_IMPLEMENTATIONS = YES;
				CLANG_WARN_DIRECT_OBJC_ISA_USAGE = YES_ERROR;
				CLANG_WARN_DOCUMENTATION_COMMENTS = YES;
				CLANG_WARN_EMPTY_BODY = YES;
				CLANG_WARN_ENUM_CONVERSION = YES;
				CLANG_WARN_INFINITE_RECURSION = YES;
				CLANG_WARN_INT_CONVERSION = YES;
				CLANG_WARN_NON_LITERAL_NULL_CONVERSION = YES;
				CLANG_WARN_OBJC_IMPLICIT_RETAIN_SELF = YES;
				CLANG_WARN_OBJC_LITERAL_CONVERSION = YES;
				CLANG_WARN_OBJC_ROOT_CLASS = YES_ERROR;
				CLANG_WARN_QUOTED_INCLUDE_IN_FRAMEWORK_HEADER = YES;
				CLANG_WARN_RANGE_LOOP_ANALYSIS = YES;
				CLANG_WARN_STRICT_PROTOTYPES = YES;
				CLANG_WARN_SUSPICIOUS_MOVE = YES;
				CLANG_WARN_UNGUARDED_AVAILABILITY = YES_AGGRESSIVE;
				CLANG_WARN_UNREACHABLE_CODE = YES;
				CLANG_WARN__DUPLICATE_METHOD_MATCH = YES;
				COPY_PHASE_STRIP = NO;
				DEBUG_INFORMATION_FORMAT = dwarf;
				ENABLE_STRICT_OBJC_MSGSEND = YES;
				ENABLE_TESTABILITY = YES;
				GCC_C_LANGUAGE_STANDARD = gnu11;
				GCC_DYNAMIC_NO_PIC = NO;
				GCC_NO_COMMON_BLOCKS = YES;
				GCC_OPTIMIZATION_LEVEL = 0;
				GCC_PREPROCESSOR_DEFINITIONS = (
					"DEBUG=1",
					"$(inherited)",
				);
				GCC_WARN_64_TO_32_BIT_CONVERSION = YES;
				GCC_WARN_ABOUT_RETURN_TYPE = YES_ERROR;
				GCC_WARN_UNDECLARED_SELECTOR = YES;
				GCC_WARN_UNINITIALIZED_AUTOS = YES_AGGRESSIVE;
				GCC_WARN_UNUSED_FUNCTION = YES;
				GCC_WARN_UNUSED_VARIABLE = YES;
				MTL_ENABLE_DEBUG_INFO = INCLUDE_SOURCE;
				MTL_FAST_MATH = YES;
				ONLY_ACTIVE_ARCH = YES;
				SWIFT_ACTIVE_COMPILATION_CONDITIONS = DEBUG;
				SWIFT_OPTIMIZATION_LEVEL = "-Onone";
			};
			name = Debug;
		};
		6617518E27A351D8008610BB /* Release */ = {
			isa = XCBuildConfiguration;
			buildSettings = {
				ALWAYS_SEARCH_USER_PATHS = NO;
				CLANG_ANALYZER_NONNULL = YES;
				CLANG_ANALYZER_NUMBER_OBJECT_CONVERSION = YES_AGGRESSIVE;
				CLANG_CXX_LANGUAGE_STANDARD = "gnu++17";
				CLANG_CXX_LIBRARY = "libc++";
				CLANG_ENABLE_MODULES = YES;
				CLANG_ENABLE_OBJC_ARC = YES;
				CLANG_ENABLE_OBJC_WEAK = YES;
				CLANG_WARN_BLOCK_CAPTURE_AUTORELEASING = YES;
				CLANG_WARN_BOOL_CONVERSION = YES;
				CLANG_WARN_COMMA = YES;
				CLANG_WARN_CONSTANT_CONVERSION = YES;
				CLANG_WARN_DEPRECATED_OBJC_IMPLEMENTATIONS = YES;
				CLANG_WARN_DIRECT_OBJC_ISA_USAGE = YES_ERROR;
				CLANG_WARN_DOCUMENTATION_COMMENTS = YES;
				CLANG_WARN_EMPTY_BODY = YES;
				CLANG_WARN_ENUM_CONVERSION = YES;
				CLANG_WARN_INFINITE_RECURSION = YES;
				CLANG_WARN_INT_CONVERSION = YES;
				CLANG_WARN_NON_LITERAL_NULL_CONVERSION = YES;
				CLANG_WARN_OBJC_IMPLICIT_RETAIN_SELF = YES;
				CLANG_WARN_OBJC_LITERAL_CONVERSION = YES;
				CLANG_WARN_OBJC_ROOT_CLASS = YES_ERROR;
				CLANG_WARN_QUOTED_INCLUDE_IN_FRAMEWORK_HEADER = YES;
				CLANG_WARN_RANGE_LOOP_ANALYSIS = YES;
				CLANG_WARN_STRICT_PROTOTYPES = YES;
				CLANG_WARN_SUSPICIOUS_MOVE = YES;
				CLANG_WARN_UNGUARDED_AVAILABILITY = YES_AGGRESSIVE;
				CLANG_WARN_UNREACHABLE_CODE = YES;
				CLANG_WARN__DUPLICATE_METHOD_MATCH = YES;
				COPY_PHASE_STRIP = NO;
				DEBUG_INFORMATION_FORMAT = "dwarf-with-dsym";
				ENABLE_NS_ASSERTIONS = NO;
				ENABLE_STRICT_OBJC_MSGSEND = YES;
				GCC_C_LANGUAGE_STANDARD = gnu11;
				GCC_NO_COMMON_BLOCKS = YES;
				GCC_WARN_64_TO_32_BIT_CONVERSION = YES;
				GCC_WARN_ABOUT_RETURN_TYPE = YES_ERROR;
				GCC_WARN_UNDECLARED_SELECTOR = YES;
				GCC_WARN_UNINITIALIZED_AUTOS = YES_AGGRESSIVE;
				GCC_WARN_UNUSED_FUNCTION = YES;
				GCC_WARN_UNUSED_VARIABLE = YES;
				MTL_ENABLE_DEBUG_INFO = NO;
				MTL_FAST_MATH = YES;
				SWIFT_COMPILATION_MODE = wholemodule;
				SWIFT_OPTIMIZATION_LEVEL = "-O";
			};
			name = Release;
		};
		6617519027A351D8008610BB /* Debug */ = {
			isa = XCBuildConfiguration;
			buildSettings = {
				ASSETCATALOG_COMPILER_APPICON_NAME = AppIcon;
				ASSETCATALOG_COMPILER_GLOBAL_ACCENT_COLOR_NAME = AccentColor;
				CODE_SIGN_STYLE = Automatic;
				CURRENT_PROJECT_VERSION = 1;
				DEVELOPMENT_TEAM = MMC58UG288;
				ENABLE_PREVIEWS = YES;
				GENERATE_INFOPLIST_FILE = YES;
				INFOPLIST_KEY_UIApplicationSceneManifest_Generation = YES;
				INFOPLIST_KEY_UIApplicationSupportsIndirectInputEvents = YES;
				INFOPLIST_KEY_UILaunchScreen_Generation = YES;
				INFOPLIST_KEY_UISupportedInterfaceOrientations_iPad = "UIInterfaceOrientationPortrait UIInterfaceOrientationPortraitUpsideDown UIInterfaceOrientationLandscapeLeft UIInterfaceOrientationLandscapeRight";
				INFOPLIST_KEY_UISupportedInterfaceOrientations_iPhone = "UIInterfaceOrientationPortrait UIInterfaceOrientationLandscapeLeft UIInterfaceOrientationLandscapeRight";
				IPHONEOS_DEPLOYMENT_TARGET = 15.2;
				LD_RUNPATH_SEARCH_PATHS = (
					"$(inherited)",
					"@executable_path/Frameworks",
				);
				MARKETING_VERSION = 1.0;
				PRODUCT_BUNDLE_IDENTIFIER = ElizagaSolutions.ExpenseTrackingMulti;
				PRODUCT_NAME = ExpenseTrackingMulti;
				SDKROOT = iphoneos;
				SWIFT_EMIT_LOC_STRINGS = YES;
				SWIFT_VERSION = 5.0;
				TARGETED_DEVICE_FAMILY = "1,2";
			};
			name = Debug;
		};
		6617519127A351D8008610BB /* Release */ = {
			isa = XCBuildConfiguration;
			buildSettings = {
				ASSETCATALOG_COMPILER_APPICON_NAME = AppIcon;
				ASSETCATALOG_COMPILER_GLOBAL_ACCENT_COLOR_NAME = AccentColor;
				CODE_SIGN_STYLE = Automatic;
				CURRENT_PROJECT_VERSION = 1;
				DEVELOPMENT_TEAM = MMC58UG288;
				ENABLE_PREVIEWS = YES;
				GENERATE_INFOPLIST_FILE = YES;
				INFOPLIST_KEY_UIApplicationSceneManifest_Generation = YES;
				INFOPLIST_KEY_UIApplicationSupportsIndirectInputEvents = YES;
				INFOPLIST_KEY_UILaunchScreen_Generation = YES;
				INFOPLIST_KEY_UISupportedInterfaceOrientations_iPad = "UIInterfaceOrientationPortrait UIInterfaceOrientationPortraitUpsideDown UIInterfaceOrientationLandscapeLeft UIInterfaceOrientationLandscapeRight";
				INFOPLIST_KEY_UISupportedInterfaceOrientations_iPhone = "UIInterfaceOrientationPortrait UIInterfaceOrientationLandscapeLeft UIInterfaceOrientationLandscapeRight";
				IPHONEOS_DEPLOYMENT_TARGET = 15.2;
				LD_RUNPATH_SEARCH_PATHS = (
					"$(inherited)",
					"@executable_path/Frameworks",
				);
				MARKETING_VERSION = 1.0;
				PRODUCT_BUNDLE_IDENTIFIER = ElizagaSolutions.ExpenseTrackingMulti;
				PRODUCT_NAME = ExpenseTrackingMulti;
				SDKROOT = iphoneos;
				SWIFT_EMIT_LOC_STRINGS = YES;
				SWIFT_VERSION = 5.0;
				TARGETED_DEVICE_FAMILY = "1,2";
				VALIDATE_PRODUCT = YES;
			};
			name = Release;
		};
		6617519327A351D8008610BB /* Debug */ = {
			isa = XCBuildConfiguration;
			buildSettings = {
				ASSETCATALOG_COMPILER_APPICON_NAME = AppIcon;
				ASSETCATALOG_COMPILER_GLOBAL_ACCENT_COLOR_NAME = AccentColor;
				CODE_SIGN_ENTITLEMENTS = macOS/macOS.entitlements;
				CODE_SIGN_STYLE = Automatic;
				COMBINE_HIDPI_IMAGES = YES;
				CURRENT_PROJECT_VERSION = 1;
				DEVELOPMENT_TEAM = MMC58UG288;
				ENABLE_HARDENED_RUNTIME = YES;
				ENABLE_PREVIEWS = YES;
				GENERATE_INFOPLIST_FILE = YES;
				INFOPLIST_KEY_NSHumanReadableCopyright = "";
				LD_RUNPATH_SEARCH_PATHS = (
					"$(inherited)",
					"@executable_path/../Frameworks",
				);
				MACOSX_DEPLOYMENT_TARGET = 11.6;
				MARKETING_VERSION = 1.0;
				PRODUCT_BUNDLE_IDENTIFIER = ElizagaSolutions.ExpenseTrackingMulti;
				PRODUCT_NAME = ExpenseTrackingMulti;
				SDKROOT = macosx;
				SWIFT_EMIT_LOC_STRINGS = YES;
				SWIFT_VERSION = 5.0;
			};
			name = Debug;
		};
		6617519427A351D8008610BB /* Release */ = {
			isa = XCBuildConfiguration;
			buildSettings = {
				ASSETCATALOG_COMPILER_APPICON_NAME = AppIcon;
				ASSETCATALOG_COMPILER_GLOBAL_ACCENT_COLOR_NAME = AccentColor;
				CODE_SIGN_ENTITLEMENTS = macOS/macOS.entitlements;
				CODE_SIGN_STYLE = Automatic;
				COMBINE_HIDPI_IMAGES = YES;
				CURRENT_PROJECT_VERSION = 1;
				DEVELOPMENT_TEAM = MMC58UG288;
				ENABLE_HARDENED_RUNTIME = YES;
				ENABLE_PREVIEWS = YES;
				GENERATE_INFOPLIST_FILE = YES;
				INFOPLIST_KEY_NSHumanReadableCopyright = "";
				LD_RUNPATH_SEARCH_PATHS = (
					"$(inherited)",
					"@executable_path/../Frameworks",
				);
				MACOSX_DEPLOYMENT_TARGET = 11.6;
				MARKETING_VERSION = 1.0;
				PRODUCT_BUNDLE_IDENTIFIER = ElizagaSolutions.ExpenseTrackingMulti;
				PRODUCT_NAME = ExpenseTrackingMulti;
				SDKROOT = macosx;
				SWIFT_EMIT_LOC_STRINGS = YES;
				SWIFT_VERSION = 5.0;
			};
			name = Release;
		};
		6617519627A351D8008610BB /* Debug */ = {
			isa = XCBuildConfiguration;
			buildSettings = {
				ALWAYS_EMBED_SWIFT_STANDARD_LIBRARIES = YES;
				CODE_SIGN_STYLE = Automatic;
				CURRENT_PROJECT_VERSION = 1;
				DEVELOPMENT_TEAM = MMC58UG288;
				GENERATE_INFOPLIST_FILE = YES;
				IPHONEOS_DEPLOYMENT_TARGET = 15.2;
				MARKETING_VERSION = 1.0;
				PRODUCT_BUNDLE_IDENTIFIER = "ElizagaSolutions.Tests-iOS";
				PRODUCT_NAME = "$(TARGET_NAME)";
				SDKROOT = iphoneos;
				SWIFT_EMIT_LOC_STRINGS = NO;
				SWIFT_VERSION = 5.0;
				TARGETED_DEVICE_FAMILY = "1,2";
				TEST_TARGET_NAME = "ExpenseTrackingMulti (iOS)";
			};
			name = Debug;
		};
		6617519727A351D8008610BB /* Release */ = {
			isa = XCBuildConfiguration;
			buildSettings = {
				ALWAYS_EMBED_SWIFT_STANDARD_LIBRARIES = YES;
				CODE_SIGN_STYLE = Automatic;
				CURRENT_PROJECT_VERSION = 1;
				DEVELOPMENT_TEAM = MMC58UG288;
				GENERATE_INFOPLIST_FILE = YES;
				IPHONEOS_DEPLOYMENT_TARGET = 15.2;
				MARKETING_VERSION = 1.0;
				PRODUCT_BUNDLE_IDENTIFIER = "ElizagaSolutions.Tests-iOS";
				PRODUCT_NAME = "$(TARGET_NAME)";
				SDKROOT = iphoneos;
				SWIFT_EMIT_LOC_STRINGS = NO;
				SWIFT_VERSION = 5.0;
				TARGETED_DEVICE_FAMILY = "1,2";
				TEST_TARGET_NAME = "ExpenseTrackingMulti (iOS)";
				VALIDATE_PRODUCT = YES;
			};
			name = Release;
		};
		6617519927A351D8008610BB /* Debug */ = {
			isa = XCBuildConfiguration;
			buildSettings = {
				ALWAYS_EMBED_SWIFT_STANDARD_LIBRARIES = YES;
				CODE_SIGN_STYLE = Automatic;
				CURRENT_PROJECT_VERSION = 1;
				DEVELOPMENT_TEAM = MMC58UG288;
				GENERATE_INFOPLIST_FILE = YES;
				MACOSX_DEPLOYMENT_TARGET = 11.6;
				MARKETING_VERSION = 1.0;
				PRODUCT_BUNDLE_IDENTIFIER = "ElizagaSolutions.Tests-macOS";
				PRODUCT_NAME = "$(TARGET_NAME)";
				SDKROOT = macosx;
				SWIFT_EMIT_LOC_STRINGS = NO;
				SWIFT_VERSION = 5.0;
				TEST_TARGET_NAME = "ExpenseTrackingMulti (macOS)";
			};
			name = Debug;
		};
		6617519A27A351D8008610BB /* Release */ = {
			isa = XCBuildConfiguration;
			buildSettings = {
				ALWAYS_EMBED_SWIFT_STANDARD_LIBRARIES = YES;
				CODE_SIGN_STYLE = Automatic;
				CURRENT_PROJECT_VERSION = 1;
				DEVELOPMENT_TEAM = MMC58UG288;
				GENERATE_INFOPLIST_FILE = YES;
				MACOSX_DEPLOYMENT_TARGET = 11.6;
				MARKETING_VERSION = 1.0;
				PRODUCT_BUNDLE_IDENTIFIER = "ElizagaSolutions.Tests-macOS";
				PRODUCT_NAME = "$(TARGET_NAME)";
				SDKROOT = macosx;
				SWIFT_EMIT_LOC_STRINGS = NO;
				SWIFT_VERSION = 5.0;
				TEST_TARGET_NAME = "ExpenseTrackingMulti (macOS)";
			};
			name = Release;
		};
/* End XCBuildConfiguration section */

/* Begin XCConfigurationList section */
		6617515627A351D6008610BB /* Build configuration list for PBXProject "ExpenseTrackingMulti" */ = {
			isa = XCConfigurationList;
			buildConfigurations = (
				6617518D27A351D8008610BB /* Debug */,
				6617518E27A351D8008610BB /* Release */,
			);
			defaultConfigurationIsVisible = 0;
			defaultConfigurationName = Release;
		};
		6617518F27A351D8008610BB /* Build configuration list for PBXNativeTarget "ExpenseTrackingMulti (iOS)" */ = {
			isa = XCConfigurationList;
			buildConfigurations = (
				6617519027A351D8008610BB /* Debug */,
				6617519127A351D8008610BB /* Release */,
			);
			defaultConfigurationIsVisible = 0;
			defaultConfigurationName = Release;
		};
		6617519227A351D8008610BB /* Build configuration list for PBXNativeTarget "ExpenseTrackingMulti (macOS)" */ = {
			isa = XCConfigurationList;
			buildConfigurations = (
				6617519327A351D8008610BB /* Debug */,
				6617519427A351D8008610BB /* Release */,
			);
			defaultConfigurationIsVisible = 0;
			defaultConfigurationName = Release;
		};
		6617519527A351D8008610BB /* Build configuration list for PBXNativeTarget "Tests iOS" */ = {
			isa = XCConfigurationList;
			buildConfigurations = (
				6617519627A351D8008610BB /* Debug */,
				6617519727A351D8008610BB /* Release */,
			);
			defaultConfigurationIsVisible = 0;
			defaultConfigurationName = Release;
		};
		6617519827A351D8008610BB /* Build configuration list for PBXNativeTarget "Tests macOS" */ = {
			isa = XCConfigurationList;
			buildConfigurations = (
				6617519927A351D8008610BB /* Debug */,
				6617519A27A351D8008610BB /* Release */,
			);
			defaultConfigurationIsVisible = 0;
			defaultConfigurationName = Release;
		};
/* End XCConfigurationList section */

/* Begin XCVersionGroup section */
		66656AA027A3C689008DA897 /* ExpenseTrackingTool.xcdatamodeld */ = {
			isa = XCVersionGroup;
			children = (
				66656AA127A3C689008DA897 /* ExpenseTrackingTool.xcdatamodel */,
			);
			currentVersion = 66656AA127A3C689008DA897 /* ExpenseTrackingTool.xcdatamodel */;
			path = ExpenseTrackingTool.xcdatamodeld;
			sourceTree = "<group>";
			versionGroupType = wrapper.xcdatamodel;
		};
/* End XCVersionGroup section */
	};
	rootObject = 6617515327A351D6008610BB /* Project object */;
}
